
Microsoft Visual Studio Solution File, Format Version 12.00
# Visual Studio Version 17
VisualStudioVersion = 17.5.002.0
MinimumVisualStudioVersion = 10.0.40219.1
Project("{9A19103F-16F7-4668-BE54-9A1E7A4F7556}") = "urlshortener", "urlshortener.csproj", "{42FB860C-4548-4FF2-ADEF-128D9D7FE3AF}"
EndProject
Project("{9A19103F-16F7-4668-BE54-9A1E7A4F7556}") = "UrlShortener.Tests", "UrlShortener.Tests\UrlShortener.Tests.csproj", "{D1E2F3A4-B5C6-7890-ABCD-EF1234567890}"
EndProject
Global
	GlobalSection(SolutionConfigurationPlatforms) = preSolution
		Debug|Any CPU = Debug|Any CPU
		Release|Any CPU = Release|Any CPU
	EndGlobalSection
	GlobalSection(ProjectConfigurationPlatforms) = postSolution
		{42FB860C-4548-4FF2-ADEF-128D9D7FE3AF}.Debug|Any CPU.ActiveCfg = Debug|Any CPU
		{42FB860C-4548-4FF2-ADEF-128D9D7FE3AF}.Debug|Any CPU.Build.0 = Debug|Any CPU
		{42FB860C-4548-4FF2-ADEF-128D9D7FE3AF}.Release|Any CPU.ActiveCfg = Release|Any CPU
		{42FB860C-4548-4FF2-ADEF-128D9D7FE3AF}.Release|Any CPU.Build.0 = Release|Any CPU
		{D1E2F3A4-B5C6-7890-ABCD-EF1234567890}.Debug|Any CPU.ActiveCfg = Debug|Any CPU
		{D1E2F3A4-B5C6-7890-ABCD-EF1234567890}.Debug|Any CPU.Build.0 = Debug|Any CPU
		{D1E2F3A4-B5C6-7890-ABCD-EF1234567890}.Release|Any CPU.ActiveCfg = Release|Any CPU
		{D1E2F3A4-B5C6-7890-ABCD-EF1234567890}.Release|Any CPU.Build.0 = Release|Any CPU
	EndGlobalSection
	GlobalSection(SolutionProperties) = preSolution
		HideSolutionNode = FALSE
	EndGlobalSection
	GlobalSection(ExtensibilityGlobals) = postSolution
		SolutionGuid = {06692E11-D528-439A-8938-ADFB6AF7E246}
	EndGlobalSection
EndGlobal
